// !$*UTF8*$!
{
	archiveVersion = 1;
	classes = {
	};
	objectVersion = 46;
	objects = {

/* Begin PBXBuildFile section */
		3CEC518E1DE2847500FD5DA5 /* main.m in Sources */ = {isa = PBXBuildFile; fileRef = 3CEC518D1DE2847500FD5DA5 /* main.m */; };
		3CEC51911DE2847500FD5DA5 /* AppDelegate.m in Sources */ = {isa = PBXBuildFile; fileRef = 3CEC51901DE2847500FD5DA5 /* AppDelegate.m */; };
		3CEC51941DE2847500FD5DA5 /* ViewController.m in Sources */ = {isa = PBXBuildFile; fileRef = 3CEC51931DE2847500FD5DA5 /* ViewController.m */; };
		3CEC51971DE2847500FD5DA5 /* Main.storyboard in Resources */ = {isa = PBXBuildFile; fileRef = 3CEC51951DE2847500FD5DA5 /* Main.storyboard */; };
		3CEC51991DE2847600FD5DA5 /* Assets.xcassets in Resources */ = {isa = PBXBuildFile; fileRef = 3CEC51981DE2847600FD5DA5 /* Assets.xcassets */; };
		3CEC519C1DE2847600FD5DA5 /* LaunchScreen.storyboard in Resources */ = {isa = PBXBuildFile; fileRef = 3CEC519A1DE2847600FD5DA5 /* LaunchScreen.storyboard */; };
		3CEC51AC1DE284A000FD5DA5 /* StarNormal@2x.png in Resources */ = {isa = PBXBuildFile; fileRef = 3CEC51A41DE284A000FD5DA5 /* StarNormal@2x.png */; };
		3CEC51AD1DE284A000FD5DA5 /* StarSelected@2x.png in Resources */ = {isa = PBXBuildFile; fileRef = 3CEC51A51DE284A000FD5DA5 /* StarSelected@2x.png */; };
		3CEC51AE1DE284A000FD5DA5 /* StarSelectHalf@2x.png in Resources */ = {isa = PBXBuildFile; fileRef = 3CEC51A61DE284A000FD5DA5 /* StarSelectHalf@2x.png */; };
		3CEC51AF1DE284A000FD5DA5 /* UIView+Extension.m in Sources */ = {isa = PBXBuildFile; fileRef = 3CEC51A81DE284A000FD5DA5 /* UIView+Extension.m */; };
		3CEC51B01DE284A100FD5DA5 /* ZYStarView.m in Sources */ = {isa = PBXBuildFile; fileRef = 3CEC51AA1DE284A000FD5DA5 /* ZYStarView.m */; };
		3CEC51B11DE284A100FD5DA5 /* ZYStarView.xib in Resources */ = {isa = PBXBuildFile; fileRef = 3CEC51AB1DE284A000FD5DA5 /* ZYStarView.xib */; };
		3CEC51B41DE284DF00FD5DA5 /* ZYScratchView.m in Sources */ = {isa = PBXBuildFile; fileRef = 3CEC51B31DE284DF00FD5DA5 /* ZYScratchView.m */; };
		3CEC51B71DE287A400FD5DA5 /* ZYScratchViewController.m in Sources */ = {isa = PBXBuildFile; fileRef = 3CEC51B61DE287A400FD5DA5 /* ZYScratchViewController.m */; };
/* End PBXBuildFile section */

/* Begin PBXFileReference section */
		3CEC51891DE2847500FD5DA5 /* 刮奖及五星评价.app */ = {isa = PBXFileReference; explicitFileType = wrapper.application; includeInIndex = 0; path = "刮奖及五星评价.app"; sourceTree = BUILT_PRODUCTS_DIR; };
		3CEC518D1DE2847500FD5DA5 /* main.m */ = {isa = PBXFileReference; lastKnownFileType = sourcecode.c.objc; path = main.m; sourceTree = "<group>"; };
		3CEC518F1DE2847500FD5DA5 /* AppDelegate.h */ = {isa = PBXFileReference; lastKnownFileType = sourcecode.c.h; path = AppDelegate.h; sourceTree = "<group>"; };
		3CEC51901DE2847500FD5DA5 /* AppDelegate.m */ = {isa = PBXFileReference; lastKnownFileType = sourcecode.c.objc; path = AppDelegate.m; sourceTree = "<group>"; };
		3CEC51921DE2847500FD5DA5 /* ViewController.h */ = {isa = PBXFileReference; lastKnownFileType = sourcecode.c.h; path = ViewController.h; sourceTree = "<group>"; };
		3CEC51931DE2847500FD5DA5 /* ViewController.m */ = {isa = PBXFileReference; lastKnownFileType = sourcecode.c.objc; path = ViewController.m; sourceTree = "<group>"; };
		3CEC51961DE2847500FD5DA5 /* Base */ = {isa = PBXFileReference; lastKnownFileType = file.storyboard; name = Base; path = Base.lproj/Main.storyboard; sourceTree = "<group>"; };
		3CEC51981DE2847600FD5DA5 /* Assets.xcassets */ = {isa = PBXFileReference; lastKnownFileType = folder.assetcatalog; path = Assets.xcassets; sourceTree = "<group>"; };
		3CEC519B1DE2847600FD5DA5 /* Base */ = {isa = PBXFileReference; lastKnownFileType = file.storyboard; name = Base; path = Base.lproj/LaunchScreen.storyboard; sourceTree = "<group>"; };
		3CEC519D1DE2847600FD5DA5 /* Info.plist */ = {isa = PBXFileReference; lastKnownFileType = text.plist.xml; path = Info.plist; sourceTree = "<group>"; };
		3CEC51A41DE284A000FD5DA5 /* StarNormal@2x.png */ = {isa = PBXFileReference; lastKnownFileType = image.png; path = "StarNormal@2x.png"; sourceTree = "<group>"; };
		3CEC51A51DE284A000FD5DA5 /* StarSelected@2x.png */ = {isa = PBXFileReference; lastKnownFileType = image.png; path = "StarSelected@2x.png"; sourceTree = "<group>"; };
		3CEC51A61DE284A000FD5DA5 /* StarSelectHalf@2x.png */ = {isa = PBXFileReference; lastKnownFileType = image.png; path = "StarSelectHalf@2x.png"; sourceTree = "<group>"; };
		3CEC51A71DE284A000FD5DA5 /* UIView+Extension.h */ = {isa = PBXFileReference; fileEncoding = 4; lastKnownFileType = sourcecode.c.h; path = "UIView+Extension.h"; sourceTree = "<group>"; };
		3CEC51A81DE284A000FD5DA5 /* UIView+Extension.m */ = {isa = PBXFileReference; fileEncoding = 4; lastKnownFileType = sourcecode.c.objc; path = "UIView+Extension.m"; sourceTree = "<group>"; };
		3CEC51A91DE284A000FD5DA5 /* ZYStarView.h */ = {isa = PBXFileReference; fileEncoding = 4; lastKnownFileType = sourcecode.c.h; path = ZYStarView.h; sourceTree = "<group>"; };
		3CEC51AA1DE284A000FD5DA5 /* ZYStarView.m */ = {isa = PBXFileReference; fileEncoding = 4; lastKnownFileType = sourcecode.c.objc; path = ZYStarView.m; sourceTree = "<group>"; };
		3CEC51AB1DE284A000FD5DA5 /* ZYStarView.xib */ = {isa = PBXFileReference; fileEncoding = 4; lastKnownFileType = file.xib; path = ZYStarView.xib; sourceTree = "<group>"; };
		3CEC51B21DE284DF00FD5DA5 /* ZYScratchView.h */ = {isa = PBXFileReference; fileEncoding = 4; lastKnownFileType = sourcecode.c.h; path = ZYScratchView.h; sourceTree = "<group>"; };
		3CEC51B31DE284DF00FD5DA5 /* ZYScratchView.m */ = {isa = PBXFileReference; fileEncoding = 4; lastKnownFileType = sourcecode.c.objc; path = ZYScratchView.m; sourceTree = "<group>"; };
		3CEC51B51DE287A400FD5DA5 /* ZYScratchViewController.h */ = {isa = PBXFileReference; fileEncoding = 4; lastKnownFileType = sourcecode.c.h; path = ZYScratchViewController.h; sourceTree = "<group>"; };
		3CEC51B61DE287A400FD5DA5 /* ZYScratchViewController.m */ = {isa = PBXFileReference; fileEncoding = 4; lastKnownFileType = sourcecode.c.objc; path = ZYScratchViewController.m; sourceTree = "<group>"; };
/* End PBXFileReference section */

/* Begin PBXFrameworksBuildPhase section */
		3CEC51861DE2847500FD5DA5 /* Frameworks */ = {
			isa = PBXFrameworksBuildPhase;
			buildActionMask = 2147483647;
			files = (
			);
			runOnlyForDeploymentPostprocessing = 0;
		};
/* End PBXFrameworksBuildPhase section */

/* Begin PBXGroup section */
		3CEC51801DE2847500FD5DA5 = {
			isa = PBXGroup;
			children = (
				3CEC518B1DE2847500FD5DA5 /* 刮奖及五星评价 */,
				3CEC518A1DE2847500FD5DA5 /* Products */,
			);
			sourceTree = "<group>";
		};
		3CEC518A1DE2847500FD5DA5 /* Products */ = {
			isa = PBXGroup;
			children = (
				3CEC51891DE2847500FD5DA5 /* 刮奖及五星评价.app */,
			);
			name = Products;
			sourceTree = "<group>";
		};
		3CEC518B1DE2847500FD5DA5 /* 刮奖及五星评价 */ = {
			isa = PBXGroup;
			children = (
				3CEC51A31DE284A000FD5DA5 /* Lib */,
				3CEC518F1DE2847500FD5DA5 /* AppDelegate.h */,
				3CEC51901DE2847500FD5DA5 /* AppDelegate.m */,
				3CEC51921DE2847500FD5DA5 /* ViewController.h */,
				3CEC51931DE2847500FD5DA5 /* ViewController.m */,
				3CEC51B51DE287A400FD5DA5 /* ZYScratchViewController.h */,
				3CEC51B61DE287A400FD5DA5 /* ZYScratchViewController.m */,
				3CEC51951DE2847500FD5DA5 /* Main.storyboard */,
				3CEC51981DE2847600FD5DA5 /* Assets.xcassets */,
				3CEC519A1DE2847600FD5DA5 /* LaunchScreen.storyboard */,
				3CEC519D1DE2847600FD5DA5 /* Info.plist */,
				3CEC518C1DE2847500FD5DA5 /* Supporting Files */,
			);
			path = "刮奖及五星评价";
			sourceTree = "<group>";
		};
		3CEC518C1DE2847500FD5DA5 /* Supporting Files */ = {
			isa = PBXGroup;
			children = (
				3CEC518D1DE2847500FD5DA5 /* main.m */,
			);
			name = "Supporting Files";
			sourceTree = "<group>";
		};
		3CEC51A31DE284A000FD5DA5 /* Lib */ = {
			isa = PBXGroup;
			children = (
				3CEC51A41DE284A000FD5DA5 /* StarNormal@2x.png */,
				3CEC51A51DE284A000FD5DA5 /* StarSelected@2x.png */,
				3CEC51A61DE284A000FD5DA5 /* StarSelectHalf@2x.png */,
				3CEC51A71DE284A000FD5DA5 /* UIView+Extension.h */,
				3CEC51A81DE284A000FD5DA5 /* UIView+Extension.m */,
				3CEC51A91DE284A000FD5DA5 /* ZYStarView.h */,
				3CEC51AA1DE284A000FD5DA5 /* ZYStarView.m */,
				3CEC51AB1DE284A000FD5DA5 /* ZYStarView.xib */,
				3CEC51B21DE284DF00FD5DA5 /* ZYScratchView.h */,
				3CEC51B31DE284DF00FD5DA5 /* ZYScratchView.m */,
			);
			path = Lib;
			sourceTree = "<group>";
		};
/* End PBXGroup section */

/* Begin PBXNativeTarget section */
		3CEC51881DE2847500FD5DA5 /* 刮奖及五星评价 */ = {
			isa = PBXNativeTarget;
			buildConfigurationList = 3CEC51A01DE2847600FD5DA5 /* Build configuration list for PBXNativeTarget "刮奖及五星评价" */;
			buildPhases = (
				3CEC51851DE2847500FD5DA5 /* Sources */,
				3CEC51861DE2847500FD5DA5 /* Frameworks */,
				3CEC51871DE2847500FD5DA5 /* Resources */,
			);
			buildRules = (
			);
			dependencies = (
			);
			name = "刮奖及五星评价";
			productName = "刮奖及五星评价";
			productReference = 3CEC51891DE2847500FD5DA5 /* 刮奖及五星评价.app */;
			productType = "com.apple.product-type.application";
		};
/* End PBXNativeTarget section */

/* Begin PBXProject section */
		3CEC51811DE2847500FD5DA5 /* Project object */ = {
			isa = PBXProject;
			attributes = {
				LastUpgradeCheck = 0810;
				ORGANIZATIONNAME = LDWL;
				TargetAttributes = {
					3CEC51881DE2847500FD5DA5 = {
						CreatedOnToolsVersion = 8.1;
						DevelopmentTeam = VK6VB86T3H;
						ProvisioningStyle = Automatic;
					};
				};
			};
			buildConfigurationList = 3CEC51841DE2847500FD5DA5 /* Build configuration list for PBXProject "刮奖及五星评价" */;
			compatibilityVersion = "Xcode 3.2";
			developmentRegion = English;
			hasScannedForEncodings = 0;
			knownRegions = (
				en,
				Base,
			);
			mainGroup = 3CEC51801DE2847500FD5DA5;
			productRefGroup = 3CEC518A1DE2847500FD5DA5 /* Products */;
			projectDirPath = "";
			projectRoot = "";
			targets = (
				3CEC51881DE2847500FD5DA5 /* 刮奖及五星评价 */,
			);
		};
/* End PBXProject section */

/* Begin PBXResourcesBuildPhase section */
		3CEC51871DE2847500FD5DA5 /* Resources */ = {
			isa = PBXResourcesBuildPhase;
			buildActionMask = 2147483647;
			files = (
				3CEC519C1DE2847600FD5DA5 /* LaunchScreen.storyboard in Resources */,
				3CEC51AC1DE284A000FD5DA5 /* StarNormal@2x.png in Resources */,
				3CEC51991DE2847600FD5DA5 /* Assets.xcassets in Resources */,
				3CEC51B11DE284A100FD5DA5 /* ZYStarView.xib in Resources */,
				3CEC51AE1DE284A000FD5DA5 /* StarSelectHalf@2x.png in Resources */,
				3CEC51AD1DE284A000FD5DA5 /* StarSelected@2x.png in Resources */,
				3CEC51971DE2847500FD5DA5 /* Main.storyboard in Resources */,
			);
			runOnlyForDeploymentPostprocessing = 0;
		};
/* End PBXResourcesBuildPhase section */

/* Begin PBXSourcesBuildPhase section */
		3CEC51851DE2847500FD5DA5 /* Sources */ = {
			isa = PBXSourcesBuildPhase;
			buildActionMask = 2147483647;
			files = (
				3CEC51941DE2847500FD5DA5 /* ViewController.m in Sources */,
				3CEC51B01DE284A100FD5DA5 /* ZYStarView.m in Sources */,
				3CEC51B71DE287A400FD5DA5 /* ZYScratchViewController.m in Sources */,
				3CEC51911DE2847500FD5DA5 /* AppDelegate.m in Sources */,
				3CEC51AF1DE284A000FD5DA5 /* UIView+Extension.m in Sources */,
				3CEC51B41DE284DF00FD5DA5 /* ZYScratchView.m in Sources */,
				3CEC518E1DE2847500FD5DA5 /* main.m in Sources */,
			);
			runOnlyForDeploymentPostprocessing = 0;
		};
/* End PBXSourcesBuildPhase section */

/* Begin PBXVariantGroup section */
		3CEC51951DE2847500FD5DA5 /* Main.storyboard */ = {
			isa = PBXVariantGroup;
			children = (
				3CEC51961DE2847500FD5DA5 /* Base */,
			);
			name = Main.storyboard;
			sourceTree = "<group>";
		};
		3CEC519A1DE2847600FD5DA5 /* LaunchScreen.storyboard */ = {
			isa = PBXVariantGroup;
			children = (
				3CEC519B1DE2847600FD5DA5 /* Base */,
			);
			name = LaunchScreen.storyboard;
			sourceTree = "<group>";
		};
/* End PBXVariantGroup section */

/* Begin XCBuildConfiguration section */
		3CEC519E1DE2847600FD5DA5 /* Debug */ = {
			isa = XCBuildConfiguration;
			buildSettings = {
				ALWAYS_SEARCH_USER_PATHS = NO;
				CLANG_ANALYZER_NONNULL = YES;
				CLANG_CXX_LANGUAGE_STANDARD = "gnu++0x";
				CLANG_CXX_LIBRARY = "libc++";
				CLANG_ENABLE_MODULES = YES;
				CLANG_ENABLE_OBJC_ARC = YES;
				CLANG_WARN_BOOL_CONVERSION = YES;
				CLANG_WARN_CONSTANT_CONVERSION = YES;
				CLANG_WARN_DIRECT_OBJC_ISA_USAGE = YES_ERROR;
				CLANG_WARN_DOCUMENTATION_COMMENTS = YES;
				CLANG_WARN_EMPTY_BODY = YES;
				CLANG_WARN_ENUM_CONVERSION = YES;
				CLANG_WARN_INFINITE_RECURSION = YES;
				CLANG_WARN_INT_CONVERSION = YES;
				CLANG_WARN_OBJC_ROOT_CLASS = YES_ERROR;
				CLANG_WARN_SUSPICIOUS_MOVES = YES;
				CLANG_WARN_UNREACHABLE_CODE = YES;
				CLANG_WARN__DUPLICATE_METHOD_MATCH = YES;
				"CODE_SIGN_IDENTITY[sdk=iphoneos*]" = "iPhone Developer";
				COPY_PHASE_STRIP = NO;
				DEBUG_INFORMATION_FORMAT = dwarf;
				ENABLE_STRICT_OBJC_MSGSEND = YES;
				ENABLE_TESTABILITY = YES;
				GCC_C_LANGUAGE_STANDARD = gnu99;
				GCC_DYNAMIC_NO_PIC = NO;
				GCC_NO_COMMON_BLOCKS = YES;
				GCC_OPTIMIZATION_LEVEL = 0;
				GCC_PREPROCESSOR_DEFINITIONS = (
					"DEBUG=1",
					"$(inherited)",
				);
				GCC_WARN_64_TO_32_BIT_CONVERSION = YES;
				GCC_WARN_ABOUT_RETURN_TYPE = YES_ERROR;
				GCC_WARN_UNDECLARED_SELECTOR = YES;
				GCC_WARN_UNINITIALIZED_AUTOS = YES_AGGRESSIVE;
				GCC_WARN_UNUSED_FUNCTION = YES;
				GCC_WARN_UNUSED_VARIABLE = YES;
				IPHONEOS_DEPLOYMENT_TARGET = 10.1;
				MTL_ENABLE_DEBUG_INFO = YES;
				ONLY_ACTIVE_ARCH = YES;
				SDKROOT = iphoneos;
				TARGETED_DEVICE_FAMILY = "1,2";
			};
			name = Debug;
		};
		3CEC519F1DE2847600FD5DA5 /* Release */ = {
			isa = XCBuildConfiguration;
			buildSettings = {
				ALWAYS_SEARCH_USER_PATHS = NO;
				CLANG_ANALYZER_NONNULL = YES;
				CLANG_CXX_LANGUAGE_STANDARD = "gnu++0x";
				CLANG_CXX_LIBRARY = "libc++";
				CLANG_ENABLE_MODULES = YES;
				CLANG_ENABLE_OBJC_ARC = YES;
				CLANG_WARN_BOOL_CONVERSION = YES;
				CLANG_WARN_CONSTANT_CONVERSION = YES;
				CLANG_WARN_DIRECT_OBJC_ISA_USAGE = YES_ERROR;
				CLANG_WARN_DOCUMENTATION_COMMENTS = YES;
				CLANG_WARN_EMPTY_BODY = YES;
				CLANG_WARN_ENUM_CONVERSION = YES;
				CLANG_WARN_INFINITE_RECURSION = YES;
				CLANG_WARN_INT_CONVERSION = YES;
				CLANG_WARN_OBJC_ROOT_CLASS = YES_ERROR;
				CLANG_WARN_SUSPICIOUS_MOVES = YES;
				CLANG_WARN_UNREACHABLE_CODE = YES;
				CLANG_WARN__DUPLICATE_METHOD_MATCH = YES;
				"CODE_SIGN_IDENTITY[sdk=iphoneos*]" = "iPhone Developer";
				COPY_PHASE_STRIP = NO;
				DEBUG_INFORMATION_FORMAT = "dwarf-with-dsym";
				ENABLE_NS_ASSERTIONS = NO;
				ENABLE_STRICT_OBJC_MSGSEND = YES;
				GCC_C_LANGUAGE_STANDARD = gnu99;
				GCC_NO_COMMON_BLOCKS = YES;
				GCC_WARN_64_TO_32_BIT_CONVERSION = YES;
				GCC_WARN_ABOUT_RETURN_TYPE = YES_ERROR;
				GCC_WARN_UNDECLARED_SELECTOR = YES;
				GCC_WARN_UNINITIALIZED_AUTOS = YES_AGGRESSIVE;
				GCC_WARN_UNUSED_FUNCTION = YES;
				GCC_WARN_UNUSED_VARIABLE = YES;
				IPHONEOS_DEPLOYMENT_TARGET = 10.1;
				MTL_ENABLE_DEBUG_INFO = NO;
				SDKROOT = iphoneos;
				TARGETED_DEVICE_FAMILY = "1,2";
				VALIDATE_PRODUCT = YES;
			};
			name = Release;
		};
		3CEC51A11DE2847600FD5DA5 /* Debug */ = {
			isa = XCBuildConfiguration;
			buildSettings = {
				ASSETCATALOG_COMPILER_APPICON_NAME = AppIcon;
				DEVELOPMENT_TEAM = VK6VB86T3H;
				INFOPLIST_FILE = "刮奖及五星评价/Info.plist";
				LD_RUNPATH_SEARCH_PATHS = "$(inherited) @executable_path/Frameworks";
				PRODUCT_BUNDLE_IDENTIFIER = "www.ldwl.com.-------";
				PRODUCT_NAME = "$(TARGET_NAME)";
			};
			name = Debug;
		};
		3CEC51A21DE2847600FD5DA5 /* Release */ = {
			isa = XCBuildConfiguration;
			buildSettings = {
				ASSETCATALOG_COMPILER_APPICON_NAME = AppIcon;
				DEVELOPMENT_TEAM = VK6VB86T3H;
				INFOPLIST_FILE = "刮奖及五星评价/Info.plist";
				LD_RUNPATH_SEARCH_PATHS = "$(inherited) @executable_path/Frameworks";
				PRODUCT_BUNDLE_IDENTIFIER = "www.ldwl.com.-------";
				PRODUCT_NAME = "$(TARGET_NAME)";
			};
			name = Release;
		};
/* End XCBuildConfiguration section */

/* Begin XCConfigurationList section */
		3CEC51841DE2847500FD5DA5 /* Build configuration list for PBXProject "刮奖及五星评价" */ = {
			isa = XCConfigurationList;
			buildConfigurations = (
				3CEC519E1DE2847600FD5DA5 /* Debug */,
				3CEC519F1DE2847600FD5DA5 /* Release */,
			);
			defaultConfigurationIsVisible = 0;
			defaultConfigurationName = Release;
		};
		3CEC51A01DE2847600FD5DA5 /* Build configuration list for PBXNativeTarget "刮奖及五星评价" */ = {
			isa = XCConfigurationList;
			buildConfigurations = (
				3CEC51A11DE2847600FD5DA5 /* Debug */,
				3CEC51A21DE2847600FD5DA5 /* Release */,
			);
			defaultConfigurationIsVisible = 0;
		};
/* End XCConfigurationList section */
	};
	rootObject = 3CEC51811DE2847500FD5DA5 /* Project object */;
}
